
Microsoft Visual Studio Solution File, Format Version 12.00
# Visual Studio Version 17
VisualStudioVersion = 17.7.34009.444
MinimumVisualStudioVersion = 10.0.40219.1
Project("{FAE04EC0-301F-11D3-BF4B-00C04F79EFBC}") = "TEST", "TEST\TEST.csproj", "{AF5CC848-751B-4134-B142-9CA51B2D5963}"
EndProject
Global
	GlobalSection(SolutionConfigurationPlatforms) = preSolution
		Debug|Any CPU = Debug|Any CPU
		Release|Any CPU = Release|Any CPU
	EndGlobalSection
	GlobalSection(ProjectConfigurationPlatforms) = postSolution
		{AF5CC848-751B-4134-B142-9CA51B2D5963}.Debug|Any CPU.ActiveCfg = Debug|Any CPU
		{AF5CC848-751B-4134-B142-9CA51B2D5963}.Debug|Any CPU.Build.0 = Debug|Any CPU
		{AF5CC848-751B-4134-B142-9CA51B2D5963}.Release|Any CPU.ActiveCfg = Release|Any CPU
		{AF5CC848-751B-4134-B142-9CA51B2D5963}.Release|Any CPU.Build.0 = Release|Any CPU
	EndGlobalSection
	GlobalSection(SolutionProperties) = preSolution
		HideSolutionNode = FALSE
	EndGlobalSection
	GlobalSection(ExtensibilityGlobals) = postSolution
		SolutionGuid = {676F2A3C-1A1A-488C-925E-80881DB5EEDC}
	EndGlobalSection
EndGlobal
